
Microsoft Visual Studio Solution File, Format Version 12.00
# Visual Studio Version 17
VisualStudioVersion = 17.2.32519.379
MinimumVisualStudioVersion = 10.0.40219.1
Project("{9A19103F-16F7-4668-BE54-9A1E7A4F7556}") = "MiroslavGPT.Domain", "MiroslavGPT.Domain\MiroslavGPT.Domain.csproj", "{3F66389D-4ECA-4638-8CBC-29B66F864598}"
EndProject
Project("{9A19103F-16F7-4668-BE54-9A1E7A4F7556}") = "MiroslavGPT.AWS", "MiroslavGPT.AWS\MiroslavGPT.AWS.csproj", "{DE206A38-F721-46C1-B2F9-7DE92D144B19}"
EndProject
Project("{9A19103F-16F7-4668-BE54-9A1E7A4F7556}") = "MiroslavGPT.Azure", "MiroslavGPT.Azure\MiroslavGPT.Azure.csproj", "{5E181924-9599-46B3-8D81-BF5BA30BC194}"
EndProject
Global
	GlobalSection(SolutionConfigurationPlatforms) = preSolution
		Debug|Any CPU = Debug|Any CPU
		Release|Any CPU = Release|Any CPU
	EndGlobalSection
	GlobalSection(ProjectConfigurationPlatforms) = postSolution
		{3F66389D-4ECA-4638-8CBC-29B66F864598}.Debug|Any CPU.ActiveCfg = Debug|Any CPU
		{3F66389D-4ECA-4638-8CBC-29B66F864598}.Debug|Any CPU.Build.0 = Debug|Any CPU
		{3F66389D-4ECA-4638-8CBC-29B66F864598}.Release|Any CPU.ActiveCfg = Release|Any CPU
		{3F66389D-4ECA-4638-8CBC-29B66F864598}.Release|Any CPU.Build.0 = Release|Any CPU
		{DE206A38-F721-46C1-B2F9-7DE92D144B19}.Debug|Any CPU.ActiveCfg = Debug|Any CPU
		{DE206A38-F721-46C1-B2F9-7DE92D144B19}.Debug|Any CPU.Build.0 = Debug|Any CPU
		{DE206A38-F721-46C1-B2F9-7DE92D144B19}.Release|Any CPU.ActiveCfg = Release|Any CPU
		{DE206A38-F721-46C1-B2F9-7DE92D144B19}.Release|Any CPU.Build.0 = Release|Any CPU
		{5E181924-9599-46B3-8D81-BF5BA30BC194}.Debug|Any CPU.ActiveCfg = Debug|Any CPU
		{5E181924-9599-46B3-8D81-BF5BA30BC194}.Debug|Any CPU.Build.0 = Debug|Any CPU
		{5E181924-9599-46B3-8D81-BF5BA30BC194}.Release|Any CPU.ActiveCfg = Release|Any CPU
		{5E181924-9599-46B3-8D81-BF5BA30BC194}.Release|Any CPU.Build.0 = Release|Any CPU
	EndGlobalSection
	GlobalSection(SolutionProperties) = preSolution
		HideSolutionNode = FALSE
	EndGlobalSection
	GlobalSection(ExtensibilityGlobals) = postSolution
		SolutionGuid = {F78CBB35-934D-4DAB-9148-310E49F96ADF}
	EndGlobalSection
EndGlobal
