
Microsoft Visual Studio Solution File, Format Version 12.00
# Visual Studio Version 17
VisualStudioVersion = 17.2.32519.379
MinimumVisualStudioVersion = 10.0.40219.1
Project("{9A19103F-16F7-4668-BE54-9A1E7A4F7556}") = "MiroslavGPT.Domain", "MiroslavGPT.Domain\MiroslavGPT.Domain.csproj", "{3F66389D-4ECA-4638-8CBC-29B66F864598}"
EndProject
Project("{9A19103F-16F7-4668-BE54-9A1E7A4F7556}") = "MiroslavGPT.Azure", "MiroslavGPT.Azure\MiroslavGPT.Azure.csproj", "{5E181924-9599-46B3-8D81-BF5BA30BC194}"
EndProject
Project("{2150E333-8FDC-42A3-9474-1A3956D46DE8}") = "Tests", "Tests", "{0FEF0D68-3370-4BE7-AD52-9D5DD20CDB79}"
EndProject
Project("{9A19103F-16F7-4668-BE54-9A1E7A4F7556}") = "MiroslavGPT.Domain.Tests", "MiroslavGPT.Domain.Tests\MiroslavGPT.Domain.Tests.csproj", "{961D0B04-3A21-49CD-A343-6A1243885B17}"
EndProject
Project("{9A19103F-16F7-4668-BE54-9A1E7A4F7556}") = "MiroslavGPT.Azure.Tests", "MiroslavGPT.Azure.Tests\MiroslavGPT.Azure.Tests.csproj", "{998EEE97-5DB0-4917-8EB8-0861E694A677}"
EndProject
Project("{FAE04EC0-301F-11D3-BF4B-00C04F79EFBC}") = "MIroslavGPT.Tests.Core", "MIroslavGPT.Tests.Core\MIroslavGPT.Tests.Core.csproj", "{2EC052C4-E76E-4139-B1B7-D93BE02AF989}"
EndProject
Project("{2150E333-8FDC-42A3-9474-1A3956D46DE8}") = "Admin", "Admin", "{C1BAAF4C-C8CD-4B37-AD52-D172E77CD448}"
EndProject
Project("{FAE04EC0-301F-11D3-BF4B-00C04F79EFBC}") = "MiroslavGPT.Admin.Domain", "MiroslavGPT.Admin.Domain\MiroslavGPT.Admin.Domain.csproj", "{EAEAEF4C-EED4-4E54-805B-9104D4EEA274}"
EndProject
Project("{FAE04EC0-301F-11D3-BF4B-00C04F79EFBC}") = "MiroslavGPT.Model", "MiroslavGPT.Model\MiroslavGPT.Model.csproj", "{4A1294AD-C751-4454-87BD-BB7054C12B51}"
EndProject
Project("{FAE04EC0-301F-11D3-BF4B-00C04F79EFBC}") = "MiroslavGPT.Admin.Domain.Azure", "MiroslavGPT.Admin.Domain.Azure\MiroslavGPT.Admin.Domain.Azure.csproj", "{47673B8E-3781-4BDE-99B5-5B4FF320FC37}"
EndProject
Project("{2150E333-8FDC-42A3-9474-1A3956D46DE8}") = "Tests", "Tests", "{16DD8512-CD81-4875-AC1B-886FD7B5934B}"
EndProject
Project("{FAE04EC0-301F-11D3-BF4B-00C04F79EFBC}") = "MiroslavGPT.Admin.Domain.Azure.Tests", "MiroslavGPT.Admin.Domain.Azure.Tests\MiroslavGPT.Admin.Domain.Azure.Tests.csproj", "{28C19908-599D-4E5B-BFFB-92BDB7C57595}"
EndProject
Project("{FAE04EC0-301F-11D3-BF4B-00C04F79EFBC}") = "MiroslavGPT.Admin.API", "MiroslavGPT.Admin.API\MiroslavGPT.Admin.API.csproj", "{461FA960-0D27-48C1-9891-E6F64851B041}"
EndProject
Global
	GlobalSection(SolutionConfigurationPlatforms) = preSolution
		Debug|Any CPU = Debug|Any CPU
		Release|Any CPU = Release|Any CPU
	EndGlobalSection
	GlobalSection(ProjectConfigurationPlatforms) = postSolution
		{3F66389D-4ECA-4638-8CBC-29B66F864598}.Debug|Any CPU.ActiveCfg = Debug|Any CPU
		{3F66389D-4ECA-4638-8CBC-29B66F864598}.Debug|Any CPU.Build.0 = Debug|Any CPU
		{3F66389D-4ECA-4638-8CBC-29B66F864598}.Release|Any CPU.ActiveCfg = Release|Any CPU
		{3F66389D-4ECA-4638-8CBC-29B66F864598}.Release|Any CPU.Build.0 = Release|Any CPU
		{5E181924-9599-46B3-8D81-BF5BA30BC194}.Debug|Any CPU.ActiveCfg = Debug|Any CPU
		{5E181924-9599-46B3-8D81-BF5BA30BC194}.Debug|Any CPU.Build.0 = Debug|Any CPU
		{5E181924-9599-46B3-8D81-BF5BA30BC194}.Release|Any CPU.ActiveCfg = Release|Any CPU
		{5E181924-9599-46B3-8D81-BF5BA30BC194}.Release|Any CPU.Build.0 = Release|Any CPU
		{961D0B04-3A21-49CD-A343-6A1243885B17}.Debug|Any CPU.ActiveCfg = Debug|Any CPU
		{961D0B04-3A21-49CD-A343-6A1243885B17}.Debug|Any CPU.Build.0 = Debug|Any CPU
		{961D0B04-3A21-49CD-A343-6A1243885B17}.Release|Any CPU.ActiveCfg = Release|Any CPU
		{961D0B04-3A21-49CD-A343-6A1243885B17}.Release|Any CPU.Build.0 = Release|Any CPU
		{998EEE97-5DB0-4917-8EB8-0861E694A677}.Debug|Any CPU.ActiveCfg = Debug|Any CPU
		{998EEE97-5DB0-4917-8EB8-0861E694A677}.Debug|Any CPU.Build.0 = Debug|Any CPU
		{998EEE97-5DB0-4917-8EB8-0861E694A677}.Release|Any CPU.ActiveCfg = Release|Any CPU
		{998EEE97-5DB0-4917-8EB8-0861E694A677}.Release|Any CPU.Build.0 = Release|Any CPU
		{2EC052C4-E76E-4139-B1B7-D93BE02AF989}.Debug|Any CPU.ActiveCfg = Debug|Any CPU
		{2EC052C4-E76E-4139-B1B7-D93BE02AF989}.Debug|Any CPU.Build.0 = Debug|Any CPU
		{2EC052C4-E76E-4139-B1B7-D93BE02AF989}.Release|Any CPU.ActiveCfg = Release|Any CPU
		{2EC052C4-E76E-4139-B1B7-D93BE02AF989}.Release|Any CPU.Build.0 = Release|Any CPU
		{EAEAEF4C-EED4-4E54-805B-9104D4EEA274}.Debug|Any CPU.ActiveCfg = Debug|Any CPU
		{EAEAEF4C-EED4-4E54-805B-9104D4EEA274}.Debug|Any CPU.Build.0 = Debug|Any CPU
		{EAEAEF4C-EED4-4E54-805B-9104D4EEA274}.Release|Any CPU.ActiveCfg = Release|Any CPU
		{EAEAEF4C-EED4-4E54-805B-9104D4EEA274}.Release|Any CPU.Build.0 = Release|Any CPU
		{4A1294AD-C751-4454-87BD-BB7054C12B51}.Debug|Any CPU.ActiveCfg = Debug|Any CPU
		{4A1294AD-C751-4454-87BD-BB7054C12B51}.Debug|Any CPU.Build.0 = Debug|Any CPU
		{4A1294AD-C751-4454-87BD-BB7054C12B51}.Release|Any CPU.ActiveCfg = Release|Any CPU
		{4A1294AD-C751-4454-87BD-BB7054C12B51}.Release|Any CPU.Build.0 = Release|Any CPU
		{47673B8E-3781-4BDE-99B5-5B4FF320FC37}.Debug|Any CPU.ActiveCfg = Debug|Any CPU
		{47673B8E-3781-4BDE-99B5-5B4FF320FC37}.Debug|Any CPU.Build.0 = Debug|Any CPU
		{47673B8E-3781-4BDE-99B5-5B4FF320FC37}.Release|Any CPU.ActiveCfg = Release|Any CPU
		{47673B8E-3781-4BDE-99B5-5B4FF320FC37}.Release|Any CPU.Build.0 = Release|Any CPU
		{28C19908-599D-4E5B-BFFB-92BDB7C57595}.Debug|Any CPU.ActiveCfg = Debug|Any CPU
		{28C19908-599D-4E5B-BFFB-92BDB7C57595}.Debug|Any CPU.Build.0 = Debug|Any CPU
		{28C19908-599D-4E5B-BFFB-92BDB7C57595}.Release|Any CPU.ActiveCfg = Release|Any CPU
		{28C19908-599D-4E5B-BFFB-92BDB7C57595}.Release|Any CPU.Build.0 = Release|Any CPU
		{461FA960-0D27-48C1-9891-E6F64851B041}.Debug|Any CPU.ActiveCfg = Debug|Any CPU
		{461FA960-0D27-48C1-9891-E6F64851B041}.Debug|Any CPU.Build.0 = Debug|Any CPU
		{461FA960-0D27-48C1-9891-E6F64851B041}.Release|Any CPU.ActiveCfg = Release|Any CPU
		{461FA960-0D27-48C1-9891-E6F64851B041}.Release|Any CPU.Build.0 = Release|Any CPU
	EndGlobalSection
	GlobalSection(SolutionProperties) = preSolution
		HideSolutionNode = FALSE
	EndGlobalSection
	GlobalSection(NestedProjects) = preSolution
		{961D0B04-3A21-49CD-A343-6A1243885B17} = {0FEF0D68-3370-4BE7-AD52-9D5DD20CDB79}
		{998EEE97-5DB0-4917-8EB8-0861E694A677} = {0FEF0D68-3370-4BE7-AD52-9D5DD20CDB79}
		{2EC052C4-E76E-4139-B1B7-D93BE02AF989} = {0FEF0D68-3370-4BE7-AD52-9D5DD20CDB79}
		{EAEAEF4C-EED4-4E54-805B-9104D4EEA274} = {C1BAAF4C-C8CD-4B37-AD52-D172E77CD448}
		{47673B8E-3781-4BDE-99B5-5B4FF320FC37} = {C1BAAF4C-C8CD-4B37-AD52-D172E77CD448}
		{16DD8512-CD81-4875-AC1B-886FD7B5934B} = {C1BAAF4C-C8CD-4B37-AD52-D172E77CD448}
		{28C19908-599D-4E5B-BFFB-92BDB7C57595} = {16DD8512-CD81-4875-AC1B-886FD7B5934B}
		{461FA960-0D27-48C1-9891-E6F64851B041} = {C1BAAF4C-C8CD-4B37-AD52-D172E77CD448}
	EndGlobalSection
	GlobalSection(ExtensibilityGlobals) = postSolution
		SolutionGuid = {F78CBB35-934D-4DAB-9148-310E49F96ADF}
	EndGlobalSection
EndGlobal
